// !$*UTF8*$!
{
	archiveVersion = 1;
	classes = {
	};
	objectVersion = 46;
	objects = {

/* Begin PBXBuildFile section */
		92A81B7FACD6B00373D7E07D /* Pods.framework in Frameworks */ = {isa = PBXBuildFile; fileRef = 3A723EB5A3E89CD9DEC7DFC4 /* Pods.framework */; };
		C407DDEA1C64523F00A20F5D /* CacheTool.m in Sources */ = {isa = PBXBuildFile; fileRef = C407DDE91C64523F00A20F5D /* CacheTool.m */; };
		C407DDEE1C64564B00A20F5D /* ZMXObject.m in Sources */ = {isa = PBXBuildFile; fileRef = C407DDED1C64564B00A20F5D /* ZMXObject.m */; };
		C407DDF51C64765300A20F5D /* ZMXRefreshView.m in Sources */ = {isa = PBXBuildFile; fileRef = C407DDF31C64765300A20F5D /* ZMXRefreshView.m */; };
		C407DDF61C64765300A20F5D /* ZMXRefreshView.xib in Resources */ = {isa = PBXBuildFile; fileRef = C407DDF41C64765300A20F5D /* ZMXRefreshView.xib */; };
		C407DDF91C64770600A20F5D /* Request.m in Sources */ = {isa = PBXBuildFile; fileRef = C407DDF81C64770600A20F5D /* Request.m */; };
		C4190C241C5B89E700D0EA84 /* main.m in Sources */ = {isa = PBXBuildFile; fileRef = C4190C231C5B89E700D0EA84 /* main.m */; };
		C4190C271C5B89E700D0EA84 /* AppDelegate.m in Sources */ = {isa = PBXBuildFile; fileRef = C4190C261C5B89E700D0EA84 /* AppDelegate.m */; };
		C4190C2A1C5B89E700D0EA84 /* ViewController.m in Sources */ = {isa = PBXBuildFile; fileRef = C4190C291C5B89E700D0EA84 /* ViewController.m */; };
		C4190C2D1C5B89E700D0EA84 /* Main.storyboard in Resources */ = {isa = PBXBuildFile; fileRef = C4190C2B1C5B89E700D0EA84 /* Main.storyboard */; };
		C4190C2F1C5B89E700D0EA84 /* Assets.xcassets in Resources */ = {isa = PBXBuildFile; fileRef = C4190C2E1C5B89E700D0EA84 /* Assets.xcassets */; };
		C4190C321C5B89E700D0EA84 /* LaunchScreen.storyboard in Resources */ = {isa = PBXBuildFile; fileRef = C4190C301C5B89E700D0EA84 /* LaunchScreen.storyboard */; };
		C4190C3D1C5B89E800D0EA84 /* topdriverTests.m in Sources */ = {isa = PBXBuildFile; fileRef = C4190C3C1C5B89E800D0EA84 /* topdriverTests.m */; };
		C4190C481C5B89E800D0EA84 /* topdriverUITests.m in Sources */ = {isa = PBXBuildFile; fileRef = C4190C471C5B89E800D0EA84 /* topdriverUITests.m */; };
		C4190C571C5B91F800D0EA84 /* Message.m in Sources */ = {isa = PBXBuildFile; fileRef = C4190C561C5B91F800D0EA84 /* Message.m */; };
		C4190C621C5B949500D0EA84 /* MessageCell.m in Sources */ = {isa = PBXBuildFile; fileRef = C4190C601C5B949500D0EA84 /* MessageCell.m */; };
		C4190C631C5B949500D0EA84 /* MessageCell.xib in Resources */ = {isa = PBXBuildFile; fileRef = C4190C611C5B949500D0EA84 /* MessageCell.xib */; };
		C4190C681C5B9C1D00D0EA84 /* NetworkTool.m in Sources */ = {isa = PBXBuildFile; fileRef = C4190C671C5B9C1D00D0EA84 /* NetworkTool.m */; };
		C47E2B491C5DC98E00F7281E /* DownloadTool.m in Sources */ = {isa = PBXBuildFile; fileRef = C47E2B481C5DC98E00F7281E /* DownloadTool.m */; };
		C47E2B4D1C5DCD1100F7281E /* DetailViewController.m in Sources */ = {isa = PBXBuildFile; fileRef = C47E2B4B1C5DCD1100F7281E /* DetailViewController.m */; };
		C47E2B4E1C5DCD1100F7281E /* DetailViewController.xib in Resources */ = {isa = PBXBuildFile; fileRef = C47E2B4C1C5DCD1100F7281E /* DetailViewController.xib */; };
		C47E2B511C5DEB9000F7281E /* ProgressContentView.m in Sources */ = {isa = PBXBuildFile; fileRef = C47E2B501C5DEB9000F7281E /* ProgressContentView.m */; };
		C47E2B531C5DEBCC00F7281E /* ProgressContentView.xib in Resources */ = {isa = PBXBuildFile; fileRef = C47E2B521C5DEBCC00F7281E /* ProgressContentView.xib */; };
		C47E2B561C5DF42200F7281E /* ProgressView.m in Sources */ = {isa = PBXBuildFile; fileRef = C47E2B551C5DF42200F7281E /* ProgressView.m */; };
		C47E2B5B1C5E0E5900F7281E /* DetailIndex.m in Sources */ = {isa = PBXBuildFile; fileRef = C47E2B5A1C5E0E5900F7281E /* DetailIndex.m */; };
		C47E2B5E1C5E0F6100F7281E /* DetailImageIndex.m in Sources */ = {isa = PBXBuildFile; fileRef = C47E2B5D1C5E0F6100F7281E /* DetailImageIndex.m */; };
		C47E2B611C5E2A2700F7281E /* WebViewController.m in Sources */ = {isa = PBXBuildFile; fileRef = C47E2B601C5E2A2700F7281E /* WebViewController.m */; };
		C47E2B641C5E2BF800F7281E /* BaseViewController.m in Sources */ = {isa = PBXBuildFile; fileRef = C47E2B631C5E2BF800F7281E /* BaseViewController.m */; };
		C47E2B671C5E3DF500F7281E /* Comment.m in Sources */ = {isa = PBXBuildFile; fileRef = C47E2B661C5E3DF500F7281E /* Comment.m */; };
		C47E2B6B1C5E3F2100F7281E /* CommentCell.m in Sources */ = {isa = PBXBuildFile; fileRef = C47E2B691C5E3F2100F7281E /* CommentCell.m */; };
		C47E2B6F1C5E425100F7281E /* CommentHeader.xib in Resources */ = {isa = PBXBuildFile; fileRef = C47E2B6E1C5E425100F7281E /* CommentHeader.xib */; };
		C47E2B751C5F376400F7281E /* CommentFrame.m in Sources */ = {isa = PBXBuildFile; fileRef = C47E2B741C5F376400F7281E /* CommentFrame.m */; };
		C47E2B7C1C5F8B8B00F7281E /* NotifyViewController.m in Sources */ = {isa = PBXBuildFile; fileRef = C47E2B7A1C5F8B8B00F7281E /* NotifyViewController.m */; };
		C47E2B7D1C5F8B8B00F7281E /* NotifyViewController.xib in Resources */ = {isa = PBXBuildFile; fileRef = C47E2B7B1C5F8B8B00F7281E /* NotifyViewController.xib */; };
		C47E2B811C5F8EA700F7281E /* NotifyCell.m in Sources */ = {isa = PBXBuildFile; fileRef = C47E2B7F1C5F8EA700F7281E /* NotifyCell.m */; };
		C47E2B821C5F8EA700F7281E /* NotifyCell.xib in Resources */ = {isa = PBXBuildFile; fileRef = C47E2B801C5F8EA700F7281E /* NotifyCell.xib */; };
		C47E2B851C5F923A00F7281E /* Notify.m in Sources */ = {isa = PBXBuildFile; fileRef = C47E2B841C5F923A00F7281E /* Notify.m */; };
		C486DEBE1C605CB40088320F /* UIView+ZMX.m in Sources */ = {isa = PBXBuildFile; fileRef = C486DEBD1C605CB40088320F /* UIView+ZMX.m */; };
		C486DECD1C607C900088320F /* HomeBottomButton.m in Sources */ = {isa = PBXBuildFile; fileRef = C486DECC1C607C900088320F /* HomeBottomButton.m */; };
		C486DED21C609C4B0088320F /* SettingViewController.m in Sources */ = {isa = PBXBuildFile; fileRef = C486DED01C609C4B0088320F /* SettingViewController.m */; };
		C486DED31C609C4B0088320F /* SettingViewController.xib in Resources */ = {isa = PBXBuildFile; fileRef = C486DED11C609C4B0088320F /* SettingViewController.xib */; };
		C48826B91C674469001134C8 /* ShareCell.m in Sources */ = {isa = PBXBuildFile; fileRef = C48826B71C674469001134C8 /* ShareCell.m */; };
		C48826BA1C674469001134C8 /* ShareCell.xib in Resources */ = {isa = PBXBuildFile; fileRef = C48826B81C674469001134C8 /* ShareCell.xib */; };
		C48F06A41C5CA26A00458ECB /* UIImage+ZMX.m in Sources */ = {isa = PBXBuildFile; fileRef = C48F06A31C5CA26A00458ECB /* UIImage+ZMX.m */; };
		C4914F4F1C61DF4000C8C827 /* LoginViewController.m in Sources */ = {isa = PBXBuildFile; fileRef = C4914F4D1C61DF4000C8C827 /* LoginViewController.m */; };
		C4914F501C61DF4000C8C827 /* LoginViewController.xib in Resources */ = {isa = PBXBuildFile; fileRef = C4914F4E1C61DF4000C8C827 /* LoginViewController.xib */; };
		C4914F531C61E8C400C8C827 /* User.m in Sources */ = {isa = PBXBuildFile; fileRef = C4914F521C61E8C400C8C827 /* User.m */; };
		C4914F561C61F04600C8C827 /* UserView.m in Sources */ = {isa = PBXBuildFile; fileRef = C4914F551C61F04600C8C827 /* UserView.m */; };
		C4914F581C61F05500C8C827 /* UserView.xib in Resources */ = {isa = PBXBuildFile; fileRef = C4914F571C61F05500C8C827 /* UserView.xib */; };
		C4914F601C623F2D00C8C827 /* SMS_SDKLocalizable.strings in Resources */ = {isa = PBXBuildFile; fileRef = C4914F5B1C623F2D00C8C827 /* SMS_SDKLocalizable.strings */; };
		C4914F611C623F2D00C8C827 /* MOBFoundation.framework in Frameworks */ = {isa = PBXBuildFile; fileRef = C4914F5D1C623F2D00C8C827 /* MOBFoundation.framework */; };
		C4914F621C623F2D00C8C827 /* SMS_SDK.framework in Frameworks */ = {isa = PBXBuildFile; fileRef = C4914F5E1C623F2D00C8C827 /* SMS_SDK.framework */; };
		C4914F641C623F6A00C8C827 /* libz.tbd in Frameworks */ = {isa = PBXBuildFile; fileRef = C4914F631C623F6A00C8C827 /* libz.tbd */; };
		C4914F661C623F7500C8C827 /* libicucore.tbd in Frameworks */ = {isa = PBXBuildFile; fileRef = C4914F651C623F7500C8C827 /* libicucore.tbd */; };
		C4914F681C623F7E00C8C827 /* MessageUI.framework in Frameworks */ = {isa = PBXBuildFile; fileRef = C4914F671C623F7E00C8C827 /* MessageUI.framework */; };
		C4914F6A1C623F8B00C8C827 /* JavaScriptCore.framework in Frameworks */ = {isa = PBXBuildFile; fileRef = C4914F691C623F8B00C8C827 /* JavaScriptCore.framework */; };
		C4914F6C1C623F9700C8C827 /* libstdc++.tbd in Frameworks */ = {isa = PBXBuildFile; fileRef = C4914F6B1C623F9700C8C827 /* libstdc++.tbd */; };
		C4914F701C62415C00C8C827 /* ForgetViewController.m in Sources */ = {isa = PBXBuildFile; fileRef = C4914F6E1C62415C00C8C827 /* ForgetViewController.m */; };
		C4914F711C62415C00C8C827 /* ForgetViewController.xib in Resources */ = {isa = PBXBuildFile; fileRef = C4914F6F1C62415C00C8C827 /* ForgetViewController.xib */; };
		C4914F751C63071F00C8C827 /* NewPasswordViewController.m in Sources */ = {isa = PBXBuildFile; fileRef = C4914F731C63071F00C8C827 /* NewPasswordViewController.m */; };
		C4914F761C63071F00C8C827 /* NewPasswordViewController.xib in Resources */ = {isa = PBXBuildFile; fileRef = C4914F741C63071F00C8C827 /* NewPasswordViewController.xib */; };
		C4914F7A1C63286E00C8C827 /* UserInfoViewController.m in Sources */ = {isa = PBXBuildFile; fileRef = C4914F781C63286E00C8C827 /* UserInfoViewController.m */; };
		C4914F7B1C63286E00C8C827 /* UserInfoViewController.xib in Resources */ = {isa = PBXBuildFile; fileRef = C4914F791C63286E00C8C827 /* UserInfoViewController.xib */; };
		C4914F821C63352400C8C827 /* ModifyNicknameViewController.m in Sources */ = {isa = PBXBuildFile; fileRef = C4914F801C63352400C8C827 /* ModifyNicknameViewController.m */; };
		C4914F831C63352400C8C827 /* ModifyNicknameViewController.xib in Resources */ = {isa = PBXBuildFile; fileRef = C4914F811C63352400C8C827 /* ModifyNicknameViewController.xib */; };
		C4914F871C633A0F00C8C827 /* ModifySexViewController.m in Sources */ = {isa = PBXBuildFile; fileRef = C4914F851C633A0F00C8C827 /* ModifySexViewController.m */; };
		C4914F881C633A0F00C8C827 /* ModifySexViewController.xib in Resources */ = {isa = PBXBuildFile; fileRef = C4914F861C633A0F00C8C827 /* ModifySexViewController.xib */; };
		C4914F8E1C636F3900C8C827 /* ZMXButton.m in Sources */ = {isa = PBXBuildFile; fileRef = C4914F8D1C636F3900C8C827 /* ZMXButton.m */; };
		C4BE9C1F1C673BBB0009B50E /* ShareView.m in Sources */ = {isa = PBXBuildFile; fileRef = C4BE9C1E1C673BBB0009B50E /* ShareView.m */; };
		C4BE9C211C673BF60009B50E /* ShareView.xib in Resources */ = {isa = PBXBuildFile; fileRef = C4BE9C201C673BF60009B50E /* ShareView.xib */; };
		C4CDA0AF1C65E5C2006812F7 /* RegisterViewController.m in Sources */ = {isa = PBXBuildFile; fileRef = C4CDA0AD1C65E5C2006812F7 /* RegisterViewController.m */; };
		C4CDA0B01C65E5C2006812F7 /* RegisterViewController.xib in Resources */ = {isa = PBXBuildFile; fileRef = C4CDA0AE1C65E5C2006812F7 /* RegisterViewController.xib */; };
/* End PBXBuildFile section */

/* Begin PBXContainerItemProxy section */
		C4190C391C5B89E800D0EA84 /* PBXContainerItemProxy */ = {
			isa = PBXContainerItemProxy;
			containerPortal = C4190C171C5B89E700D0EA84 /* Project object */;
			proxyType = 1;
			remoteGlobalIDString = C4190C1E1C5B89E700D0EA84;
			remoteInfo = topdriver;
		};
		C4190C441C5B89E800D0EA84 /* PBXContainerItemProxy */ = {
			isa = PBXContainerItemProxy;
			containerPortal = C4190C171C5B89E700D0EA84 /* Project object */;
			proxyType = 1;
			remoteGlobalIDString = C4190C1E1C5B89E700D0EA84;
			remoteInfo = topdriver;
		};
/* End PBXContainerItemProxy section */

/* Begin PBXFileReference section */
		3A723EB5A3E89CD9DEC7DFC4 /* Pods.framework */ = {isa = PBXFileReference; explicitFileType = wrapper.framework; includeInIndex = 0; path = Pods.framework; sourceTree = BUILT_PRODUCTS_DIR; };
		C407DDE81C64523F00A20F5D /* CacheTool.h */ = {isa = PBXFileReference; fileEncoding = 4; lastKnownFileType = sourcecode.c.h; path = CacheTool.h; sourceTree = "<group>"; };
		C407DDE91C64523F00A20F5D /* CacheTool.m */ = {isa = PBXFileReference; fileEncoding = 4; lastKnownFileType = sourcecode.c.objc; path = CacheTool.m; sourceTree = "<group>"; };
		C407DDEC1C64564B00A20F5D /* ZMXObject.h */ = {isa = PBXFileReference; fileEncoding = 4; lastKnownFileType = sourcecode.c.h; path = ZMXObject.h; sourceTree = "<group>"; };
		C407DDED1C64564B00A20F5D /* ZMXObject.m */ = {isa = PBXFileReference; fileEncoding = 4; lastKnownFileType = sourcecode.c.objc; path = ZMXObject.m; sourceTree = "<group>"; };
		C407DDF21C64765300A20F5D /* ZMXRefreshView.h */ = {isa = PBXFileReference; fileEncoding = 4; lastKnownFileType = sourcecode.c.h; path = ZMXRefreshView.h; sourceTree = "<group>"; };
		C407DDF31C64765300A20F5D /* ZMXRefreshView.m */ = {isa = PBXFileReference; fileEncoding = 4; lastKnownFileType = sourcecode.c.objc; path = ZMXRefreshView.m; sourceTree = "<group>"; };
		C407DDF41C64765300A20F5D /* ZMXRefreshView.xib */ = {isa = PBXFileReference; fileEncoding = 4; lastKnownFileType = file.xib; path = ZMXRefreshView.xib; sourceTree = "<group>"; };
		C407DDF71C64770600A20F5D /* Request.h */ = {isa = PBXFileReference; fileEncoding = 4; lastKnownFileType = sourcecode.c.h; path = Request.h; sourceTree = "<group>"; };
		C407DDF81C64770600A20F5D /* Request.m */ = {isa = PBXFileReference; fileEncoding = 4; lastKnownFileType = sourcecode.c.objc; path = Request.m; sourceTree = "<group>"; };
		C4190C1F1C5B89E700D0EA84 /* topdriver.app */ = {isa = PBXFileReference; explicitFileType = wrapper.application; includeInIndex = 0; path = topdriver.app; sourceTree = BUILT_PRODUCTS_DIR; };
		C4190C231C5B89E700D0EA84 /* main.m */ = {isa = PBXFileReference; lastKnownFileType = sourcecode.c.objc; path = main.m; sourceTree = "<group>"; };
		C4190C251C5B89E700D0EA84 /* AppDelegate.h */ = {isa = PBXFileReference; lastKnownFileType = sourcecode.c.h; path = AppDelegate.h; sourceTree = "<group>"; };
		C4190C261C5B89E700D0EA84 /* AppDelegate.m */ = {isa = PBXFileReference; lastKnownFileType = sourcecode.c.objc; path = AppDelegate.m; sourceTree = "<group>"; };
		C4190C281C5B89E700D0EA84 /* ViewController.h */ = {isa = PBXFileReference; lastKnownFileType = sourcecode.c.h; path = ViewController.h; sourceTree = "<group>"; };
		C4190C291C5B89E700D0EA84 /* ViewController.m */ = {isa = PBXFileReference; lastKnownFileType = sourcecode.c.objc; path = ViewController.m; sourceTree = "<group>"; };
		C4190C2C1C5B89E700D0EA84 /* Base */ = {isa = PBXFileReference; lastKnownFileType = file.storyboard; name = Base; path = Base.lproj/Main.storyboard; sourceTree = "<group>"; };
		C4190C2E1C5B89E700D0EA84 /* Assets.xcassets */ = {isa = PBXFileReference; lastKnownFileType = folder.assetcatalog; path = Assets.xcassets; sourceTree = "<group>"; };
		C4190C311C5B89E700D0EA84 /* Base */ = {isa = PBXFileReference; lastKnownFileType = file.storyboard; name = Base; path = Base.lproj/LaunchScreen.storyboard; sourceTree = "<group>"; };
		C4190C331C5B89E700D0EA84 /* Info.plist */ = {isa = PBXFileReference; lastKnownFileType = text.plist.xml; path = Info.plist; sourceTree = "<group>"; };
		C4190C381C5B89E800D0EA84 /* topdriverTests.xctest */ = {isa = PBXFileReference; explicitFileType = wrapper.cfbundle; includeInIndex = 0; path = topdriverTests.xctest; sourceTree = BUILT_PRODUCTS_DIR; };
		C4190C3C1C5B89E800D0EA84 /* topdriverTests.m */ = {isa = PBXFileReference; lastKnownFileType = sourcecode.c.objc; path = topdriverTests.m; sourceTree = "<group>"; };
		C4190C3E1C5B89E800D0EA84 /* Info.plist */ = {isa = PBXFileReference; lastKnownFileType = text.plist.xml; path = Info.plist; sourceTree = "<group>"; };
		C4190C431C5B89E800D0EA84 /* topdriverUITests.xctest */ = {isa = PBXFileReference; explicitFileType = wrapper.cfbundle; includeInIndex = 0; path = topdriverUITests.xctest; sourceTree = BUILT_PRODUCTS_DIR; };
		C4190C471C5B89E800D0EA84 /* topdriverUITests.m */ = {isa = PBXFileReference; lastKnownFileType = sourcecode.c.objc; path = topdriverUITests.m; sourceTree = "<group>"; };
		C4190C491C5B89E800D0EA84 /* Info.plist */ = {isa = PBXFileReference; lastKnownFileType = text.plist.xml; path = Info.plist; sourceTree = "<group>"; };
		C4190C551C5B91F800D0EA84 /* Message.h */ = {isa = PBXFileReference; fileEncoding = 4; lastKnownFileType = sourcecode.c.h; path = Message.h; sourceTree = "<group>"; };
		C4190C561C5B91F800D0EA84 /* Message.m */ = {isa = PBXFileReference; fileEncoding = 4; lastKnownFileType = sourcecode.c.objc; path = Message.m; sourceTree = "<group>"; };
		C4190C5F1C5B949500D0EA84 /* MessageCell.h */ = {isa = PBXFileReference; fileEncoding = 4; lastKnownFileType = sourcecode.c.h; path = MessageCell.h; sourceTree = "<group>"; };
		C4190C601C5B949500D0EA84 /* MessageCell.m */ = {isa = PBXFileReference; fileEncoding = 4; lastKnownFileType = sourcecode.c.objc; path = MessageCell.m; sourceTree = "<group>"; };
		C4190C611C5B949500D0EA84 /* MessageCell.xib */ = {isa = PBXFileReference; fileEncoding = 4; lastKnownFileType = file.xib; path = MessageCell.xib; sourceTree = "<group>"; };
		C4190C641C5B9B4300D0EA84 /* PrefixHeader.pch */ = {isa = PBXFileReference; lastKnownFileType = sourcecode.c.h; path = PrefixHeader.pch; sourceTree = "<group>"; };
		C4190C661C5B9C1D00D0EA84 /* NetworkTool.h */ = {isa = PBXFileReference; fileEncoding = 4; lastKnownFileType = sourcecode.c.h; path = NetworkTool.h; sourceTree = "<group>"; };
		C4190C671C5B9C1D00D0EA84 /* NetworkTool.m */ = {isa = PBXFileReference; fileEncoding = 4; lastKnownFileType = sourcecode.c.objc; path = NetworkTool.m; sourceTree = "<group>"; };
		C47E2B471C5DC98E00F7281E /* DownloadTool.h */ = {isa = PBXFileReference; fileEncoding = 4; lastKnownFileType = sourcecode.c.h; path = DownloadTool.h; sourceTree = "<group>"; };
		C47E2B481C5DC98E00F7281E /* DownloadTool.m */ = {isa = PBXFileReference; fileEncoding = 4; lastKnownFileType = sourcecode.c.objc; path = DownloadTool.m; sourceTree = "<group>"; };
		C47E2B4A1C5DCD1100F7281E /* DetailViewController.h */ = {isa = PBXFileReference; fileEncoding = 4; lastKnownFileType = sourcecode.c.h; path = DetailViewController.h; sourceTree = "<group>"; };
		C47E2B4B1C5DCD1100F7281E /* DetailViewController.m */ = {isa = PBXFileReference; fileEncoding = 4; lastKnownFileType = sourcecode.c.objc; path = DetailViewController.m; sourceTree = "<group>"; };
		C47E2B4C1C5DCD1100F7281E /* DetailViewController.xib */ = {isa = PBXFileReference; fileEncoding = 4; lastKnownFileType = file.xib; path = DetailViewController.xib; sourceTree = "<group>"; };
		C47E2B4F1C5DEB9000F7281E /* ProgressContentView.h */ = {isa = PBXFileReference; fileEncoding = 4; lastKnownFileType = sourcecode.c.h; path = ProgressContentView.h; sourceTree = "<group>"; };
		C47E2B501C5DEB9000F7281E /* ProgressContentView.m */ = {isa = PBXFileReference; fileEncoding = 4; lastKnownFileType = sourcecode.c.objc; path = ProgressContentView.m; sourceTree = "<group>"; };
		C47E2B521C5DEBCC00F7281E /* ProgressContentView.xib */ = {isa = PBXFileReference; fileEncoding = 4; lastKnownFileType = file.xib; path = ProgressContentView.xib; sourceTree = "<group>"; };
		C47E2B541C5DF42200F7281E /* ProgressView.h */ = {isa = PBXFileReference; fileEncoding = 4; lastKnownFileType = sourcecode.c.h; path = ProgressView.h; sourceTree = "<group>"; };
		C47E2B551C5DF42200F7281E /* ProgressView.m */ = {isa = PBXFileReference; fileEncoding = 4; lastKnownFileType = sourcecode.c.objc; path = ProgressView.m; sourceTree = "<group>"; };
		C47E2B591C5E0E5900F7281E /* DetailIndex.h */ = {isa = PBXFileReference; fileEncoding = 4; lastKnownFileType = sourcecode.c.h; path = DetailIndex.h; sourceTree = "<group>"; };
		C47E2B5A1C5E0E5900F7281E /* DetailIndex.m */ = {isa = PBXFileReference; fileEncoding = 4; lastKnownFileType = sourcecode.c.objc; path = DetailIndex.m; sourceTree = "<group>"; };
		C47E2B5C1C5E0F6100F7281E /* DetailImageIndex.h */ = {isa = PBXFileReference; fileEncoding = 4; lastKnownFileType = sourcecode.c.h; path = DetailImageIndex.h; sourceTree = "<group>"; };
		C47E2B5D1C5E0F6100F7281E /* DetailImageIndex.m */ = {isa = PBXFileReference; fileEncoding = 4; lastKnownFileType = sourcecode.c.objc; path = DetailImageIndex.m; sourceTree = "<group>"; };
		C47E2B5F1C5E2A2700F7281E /* WebViewController.h */ = {isa = PBXFileReference; fileEncoding = 4; lastKnownFileType = sourcecode.c.h; path = WebViewController.h; sourceTree = "<group>"; };
		C47E2B601C5E2A2700F7281E /* WebViewController.m */ = {isa = PBXFileReference; fileEncoding = 4; lastKnownFileType = sourcecode.c.objc; path = WebViewController.m; sourceTree = "<group>"; };
		C47E2B621C5E2BF800F7281E /* BaseViewController.h */ = {isa = PBXFileReference; fileEncoding = 4; lastKnownFileType = sourcecode.c.h; path = BaseViewController.h; sourceTree = "<group>"; };
		C47E2B631C5E2BF800F7281E /* BaseViewController.m */ = {isa = PBXFileReference; fileEncoding = 4; lastKnownFileType = sourcecode.c.objc; path = BaseViewController.m; sourceTree = "<group>"; };
		C47E2B651C5E3DF500F7281E /* Comment.h */ = {isa = PBXFileReference; fileEncoding = 4; lastKnownFileType = sourcecode.c.h; path = Comment.h; sourceTree = "<group>"; };
		C47E2B661C5E3DF500F7281E /* Comment.m */ = {isa = PBXFileReference; fileEncoding = 4; lastKnownFileType = sourcecode.c.objc; path = Comment.m; sourceTree = "<group>"; };
		C47E2B681C5E3F2100F7281E /* CommentCell.h */ = {isa = PBXFileReference; fileEncoding = 4; lastKnownFileType = sourcecode.c.h; path = CommentCell.h; sourceTree = "<group>"; };
		C47E2B691C5E3F2100F7281E /* CommentCell.m */ = {isa = PBXFileReference; fileEncoding = 4; lastKnownFileType = sourcecode.c.objc; path = CommentCell.m; sourceTree = "<group>"; };
		C47E2B6E1C5E425100F7281E /* CommentHeader.xib */ = {isa = PBXFileReference; fileEncoding = 4; lastKnownFileType = file.xib; path = CommentHeader.xib; sourceTree = "<group>"; };
		C47E2B731C5F376400F7281E /* CommentFrame.h */ = {isa = PBXFileReference; fileEncoding = 4; lastKnownFileType = sourcecode.c.h; path = CommentFrame.h; sourceTree = "<group>"; };
		C47E2B741C5F376400F7281E /* CommentFrame.m */ = {isa = PBXFileReference; fileEncoding = 4; lastKnownFileType = sourcecode.c.objc; path = CommentFrame.m; sourceTree = "<group>"; };
		C47E2B791C5F8B8B00F7281E /* NotifyViewController.h */ = {isa = PBXFileReference; fileEncoding = 4; lastKnownFileType = sourcecode.c.h; path = NotifyViewController.h; sourceTree = "<group>"; };
		C47E2B7A1C5F8B8B00F7281E /* NotifyViewController.m */ = {isa = PBXFileReference; fileEncoding = 4; lastKnownFileType = sourcecode.c.objc; path = NotifyViewController.m; sourceTree = "<group>"; };
		C47E2B7B1C5F8B8B00F7281E /* NotifyViewController.xib */ = {isa = PBXFileReference; fileEncoding = 4; lastKnownFileType = file.xib; path = NotifyViewController.xib; sourceTree = "<group>"; };
		C47E2B7E1C5F8EA700F7281E /* NotifyCell.h */ = {isa = PBXFileReference; fileEncoding = 4; lastKnownFileType = sourcecode.c.h; path = NotifyCell.h; sourceTree = "<group>"; };
		C47E2B7F1C5F8EA700F7281E /* NotifyCell.m */ = {isa = PBXFileReference; fileEncoding = 4; lastKnownFileType = sourcecode.c.objc; path = NotifyCell.m; sourceTree = "<group>"; };
		C47E2B801C5F8EA700F7281E /* NotifyCell.xib */ = {isa = PBXFileReference; fileEncoding = 4; lastKnownFileType = file.xib; path = NotifyCell.xib; sourceTree = "<group>"; };
		C47E2B831C5F923A00F7281E /* Notify.h */ = {isa = PBXFileReference; fileEncoding = 4; lastKnownFileType = sourcecode.c.h; path = Notify.h; sourceTree = "<group>"; };
		C47E2B841C5F923A00F7281E /* Notify.m */ = {isa = PBXFileReference; fileEncoding = 4; lastKnownFileType = sourcecode.c.objc; path = Notify.m; sourceTree = "<group>"; };
		C486DEBC1C605CB40088320F /* UIView+ZMX.h */ = {isa = PBXFileReference; fileEncoding = 4; lastKnownFileType = sourcecode.c.h; path = "UIView+ZMX.h"; sourceTree = "<group>"; };
		C486DEBD1C605CB40088320F /* UIView+ZMX.m */ = {isa = PBXFileReference; fileEncoding = 4; lastKnownFileType = sourcecode.c.objc; path = "UIView+ZMX.m"; sourceTree = "<group>"; };
		C486DECB1C607C900088320F /* HomeBottomButton.h */ = {isa = PBXFileReference; fileEncoding = 4; lastKnownFileType = sourcecode.c.h; path = HomeBottomButton.h; sourceTree = "<group>"; };
		C486DECC1C607C900088320F /* HomeBottomButton.m */ = {isa = PBXFileReference; fileEncoding = 4; lastKnownFileType = sourcecode.c.objc; path = HomeBottomButton.m; sourceTree = "<group>"; };
		C486DECF1C609C4B0088320F /* SettingViewController.h */ = {isa = PBXFileReference; fileEncoding = 4; lastKnownFileType = sourcecode.c.h; path = SettingViewController.h; sourceTree = "<group>"; };
		C486DED01C609C4B0088320F /* SettingViewController.m */ = {isa = PBXFileReference; fileEncoding = 4; lastKnownFileType = sourcecode.c.objc; path = SettingViewController.m; sourceTree = "<group>"; };
		C486DED11C609C4B0088320F /* SettingViewController.xib */ = {isa = PBXFileReference; fileEncoding = 4; lastKnownFileType = file.xib; path = SettingViewController.xib; sourceTree = "<group>"; };
		C48826B61C674469001134C8 /* ShareCell.h */ = {isa = PBXFileReference; fileEncoding = 4; lastKnownFileType = sourcecode.c.h; path = ShareCell.h; sourceTree = "<group>"; };
		C48826B71C674469001134C8 /* ShareCell.m */ = {isa = PBXFileReference; fileEncoding = 4; lastKnownFileType = sourcecode.c.objc; path = ShareCell.m; sourceTree = "<group>"; };
		C48826B81C674469001134C8 /* ShareCell.xib */ = {isa = PBXFileReference; fileEncoding = 4; lastKnownFileType = file.xib; path = ShareCell.xib; sourceTree = "<group>"; };
		C48F06A21C5CA26A00458ECB /* UIImage+ZMX.h */ = {isa = PBXFileReference; fileEncoding = 4; lastKnownFileType = sourcecode.c.h; path = "UIImage+ZMX.h"; sourceTree = "<group>"; };
		C48F06A31C5CA26A00458ECB /* UIImage+ZMX.m */ = {isa = PBXFileReference; fileEncoding = 4; lastKnownFileType = sourcecode.c.objc; path = "UIImage+ZMX.m"; sourceTree = "<group>"; };
		C4914F4C1C61DF4000C8C827 /* LoginViewController.h */ = {isa = PBXFileReference; fileEncoding = 4; lastKnownFileType = sourcecode.c.h; path = LoginViewController.h; sourceTree = "<group>"; };
		C4914F4D1C61DF4000C8C827 /* LoginViewController.m */ = {isa = PBXFileReference; fileEncoding = 4; lastKnownFileType = sourcecode.c.objc; path = LoginViewController.m; sourceTree = "<group>"; };
		C4914F4E1C61DF4000C8C827 /* LoginViewController.xib */ = {isa = PBXFileReference; fileEncoding = 4; lastKnownFileType = file.xib; path = LoginViewController.xib; sourceTree = "<group>"; };
		C4914F511C61E8C400C8C827 /* User.h */ = {isa = PBXFileReference; fileEncoding = 4; lastKnownFileType = sourcecode.c.h; path = User.h; sourceTree = "<group>"; };
		C4914F521C61E8C400C8C827 /* User.m */ = {isa = PBXFileReference; fileEncoding = 4; lastKnownFileType = sourcecode.c.objc; path = User.m; sourceTree = "<group>"; };
		C4914F541C61F04600C8C827 /* UserView.h */ = {isa = PBXFileReference; fileEncoding = 4; lastKnownFileType = sourcecode.c.h; path = UserView.h; sourceTree = "<group>"; };
		C4914F551C61F04600C8C827 /* UserView.m */ = {isa = PBXFileReference; fileEncoding = 4; lastKnownFileType = sourcecode.c.objc; path = UserView.m; sourceTree = "<group>"; };
		C4914F571C61F05500C8C827 /* UserView.xib */ = {isa = PBXFileReference; fileEncoding = 4; lastKnownFileType = file.xib; path = UserView.xib; sourceTree = "<group>"; };
		C4914F5C1C623F2D00C8C827 /* en */ = {isa = PBXFileReference; lastKnownFileType = text.plist.strings; name = en; path = en.lproj/SMS_SDKLocalizable.strings; sourceTree = "<group>"; };
		C4914F5D1C623F2D00C8C827 /* MOBFoundation.framework */ = {isa = PBXFileReference; lastKnownFileType = wrapper.framework; path = MOBFoundation.framework; sourceTree = "<group>"; };
		C4914F5E1C623F2D00C8C827 /* SMS_SDK.framework */ = {isa = PBXFileReference; lastKnownFileType = wrapper.framework; path = SMS_SDK.framework; sourceTree = "<group>"; };
		C4914F5F1C623F2D00C8C827 /* zh-Hans */ = {isa = PBXFileReference; lastKnownFileType = text.plist.strings; name = "zh-Hans"; path = "zh-Hans.lproj/SMS_SDKLocalizable.strings"; sourceTree = "<group>"; };
		C4914F631C623F6A00C8C827 /* libz.tbd */ = {isa = PBXFileReference; lastKnownFileType = "sourcecode.text-based-dylib-definition"; name = libz.tbd; path = usr/lib/libz.tbd; sourceTree = SDKROOT; };
		C4914F651C623F7500C8C827 /* libicucore.tbd */ = {isa = PBXFileReference; lastKnownFileType = "sourcecode.text-based-dylib-definition"; name = libicucore.tbd; path = usr/lib/libicucore.tbd; sourceTree = SDKROOT; };
		C4914F671C623F7E00C8C827 /* MessageUI.framework */ = {isa = PBXFileReference; lastKnownFileType = wrapper.framework; name = MessageUI.framework; path = System/Library/Frameworks/MessageUI.framework; sourceTree = SDKROOT; };
		C4914F691C623F8B00C8C827 /* JavaScriptCore.framework */ = {isa = PBXFileReference; lastKnownFileType = wrapper.framework; name = JavaScriptCore.framework; path = System/Library/Frameworks/JavaScriptCore.framework; sourceTree = SDKROOT; };
		C4914F6B1C623F9700C8C827 /* libstdc++.tbd */ = {isa = PBXFileReference; lastKnownFileType = "sourcecode.text-based-dylib-definition"; name = "libstdc++.tbd"; path = "usr/lib/libstdc++.tbd"; sourceTree = SDKROOT; };
		C4914F6D1C62415C00C8C827 /* ForgetViewController.h */ = {isa = PBXFileReference; fileEncoding = 4; lastKnownFileType = sourcecode.c.h; path = ForgetViewController.h; sourceTree = "<group>"; };
		C4914F6E1C62415C00C8C827 /* ForgetViewController.m */ = {isa = PBXFileReference; fileEncoding = 4; lastKnownFileType = sourcecode.c.objc; path = ForgetViewController.m; sourceTree = "<group>"; };
		C4914F6F1C62415C00C8C827 /* ForgetViewController.xib */ = {isa = PBXFileReference; fileEncoding = 4; lastKnownFileType = file.xib; path = ForgetViewController.xib; sourceTree = "<group>"; };
		C4914F721C63071F00C8C827 /* NewPasswordViewController.h */ = {isa = PBXFileReference; fileEncoding = 4; lastKnownFileType = sourcecode.c.h; path = NewPasswordViewController.h; sourceTree = "<group>"; };
		C4914F731C63071F00C8C827 /* NewPasswordViewController.m */ = {isa = PBXFileReference; fileEncoding = 4; lastKnownFileType = sourcecode.c.objc; path = NewPasswordViewController.m; sourceTree = "<group>"; };
		C4914F741C63071F00C8C827 /* NewPasswordViewController.xib */ = {isa = PBXFileReference; fileEncoding = 4; lastKnownFileType = file.xib; path = NewPasswordViewController.xib; sourceTree = "<group>"; };
		C4914F771C63286E00C8C827 /* UserInfoViewController.h */ = {isa = PBXFileReference; fileEncoding = 4; lastKnownFileType = sourcecode.c.h; path = UserInfoViewController.h; sourceTree = "<group>"; };
		C4914F781C63286E00C8C827 /* UserInfoViewController.m */ = {isa = PBXFileReference; fileEncoding = 4; lastKnownFileType = sourcecode.c.objc; path = UserInfoViewController.m; sourceTree = "<group>"; };
		C4914F791C63286E00C8C827 /* UserInfoViewController.xib */ = {isa = PBXFileReference; fileEncoding = 4; lastKnownFileType = file.xib; path = UserInfoViewController.xib; sourceTree = "<group>"; };
		C4914F7F1C63352400C8C827 /* ModifyNicknameViewController.h */ = {isa = PBXFileReference; fileEncoding = 4; lastKnownFileType = sourcecode.c.h; path = ModifyNicknameViewController.h; sourceTree = "<group>"; };
		C4914F801C63352400C8C827 /* ModifyNicknameViewController.m */ = {isa = PBXFileReference; fileEncoding = 4; lastKnownFileType = sourcecode.c.objc; path = ModifyNicknameViewController.m; sourceTree = "<group>"; };
		C4914F811C63352400C8C827 /* ModifyNicknameViewController.xib */ = {isa = PBXFileReference; fileEncoding = 4; lastKnownFileType = file.xib; path = ModifyNicknameViewController.xib; sourceTree = "<group>"; };
		C4914F841C633A0F00C8C827 /* ModifySexViewController.h */ = {isa = PBXFileReference; fileEncoding = 4; lastKnownFileType = sourcecode.c.h; path = ModifySexViewController.h; sourceTree = "<group>"; };
		C4914F851C633A0F00C8C827 /* ModifySexViewController.m */ = {isa = PBXFileReference; fileEncoding = 4; lastKnownFileType = sourcecode.c.objc; path = ModifySexViewController.m; sourceTree = "<group>"; };
		C4914F861C633A0F00C8C827 /* ModifySexViewController.xib */ = {isa = PBXFileReference; fileEncoding = 4; lastKnownFileType = file.xib; path = ModifySexViewController.xib; sourceTree = "<group>"; };
		C4914F8C1C636F3900C8C827 /* ZMXButton.h */ = {isa = PBXFileReference; fileEncoding = 4; lastKnownFileType = sourcecode.c.h; path = ZMXButton.h; sourceTree = "<group>"; };
		C4914F8D1C636F3900C8C827 /* ZMXButton.m */ = {isa = PBXFileReference; fileEncoding = 4; lastKnownFileType = sourcecode.c.objc; path = ZMXButton.m; sourceTree = "<group>"; };
		C4BE9C1D1C673BBB0009B50E /* ShareView.h */ = {isa = PBXFileReference; fileEncoding = 4; lastKnownFileType = sourcecode.c.h; path = ShareView.h; sourceTree = "<group>"; };
		C4BE9C1E1C673BBB0009B50E /* ShareView.m */ = {isa = PBXFileReference; fileEncoding = 4; lastKnownFileType = sourcecode.c.objc; path = ShareView.m; sourceTree = "<group>"; };
		C4BE9C201C673BF60009B50E /* ShareView.xib */ = {isa = PBXFileReference; fileEncoding = 4; lastKnownFileType = file.xib; path = ShareView.xib; sourceTree = "<group>"; };
		C4CDA0AC1C65E5C2006812F7 /* RegisterViewController.h */ = {isa = PBXFileReference; fileEncoding = 4; lastKnownFileType = sourcecode.c.h; path = RegisterViewController.h; sourceTree = "<group>"; };
		C4CDA0AD1C65E5C2006812F7 /* RegisterViewController.m */ = {isa = PBXFileReference; fileEncoding = 4; lastKnownFileType = sourcecode.c.objc; path = RegisterViewController.m; sourceTree = "<group>"; };
		C4CDA0AE1C65E5C2006812F7 /* RegisterViewController.xib */ = {isa = PBXFileReference; fileEncoding = 4; lastKnownFileType = file.xib; path = RegisterViewController.xib; sourceTree = "<group>"; };
		C99BEB776B87591F4ED4098E /* Pods.debug.xcconfig */ = {isa = PBXFileReference; includeInIndex = 1; lastKnownFileType = text.xcconfig; name = Pods.debug.xcconfig; path = "Pods/Target Support Files/Pods/Pods.debug.xcconfig"; sourceTree = "<group>"; };
		D74A9AE761DE6C4C364678BF /* Pods.release.xcconfig */ = {isa = PBXFileReference; includeInIndex = 1; lastKnownFileType = text.xcconfig; name = Pods.release.xcconfig; path = "Pods/Target Support Files/Pods/Pods.release.xcconfig"; sourceTree = "<group>"; };
/* End PBXFileReference section */

/* Begin PBXFrameworksBuildPhase section */
		C4190C1C1C5B89E700D0EA84 /* Frameworks */ = {
			isa = PBXFrameworksBuildPhase;
			buildActionMask = 2147483647;
			files = (
				C4914F6C1C623F9700C8C827 /* libstdc++.tbd in Frameworks */,
				C4914F6A1C623F8B00C8C827 /* JavaScriptCore.framework in Frameworks */,
				C4914F681C623F7E00C8C827 /* MessageUI.framework in Frameworks */,
				C4914F661C623F7500C8C827 /* libicucore.tbd in Frameworks */,
				C4914F641C623F6A00C8C827 /* libz.tbd in Frameworks */,
				C4914F621C623F2D00C8C827 /* SMS_SDK.framework in Frameworks */,
				C4914F611C623F2D00C8C827 /* MOBFoundation.framework in Frameworks */,
				92A81B7FACD6B00373D7E07D /* Pods.framework in Frameworks */,
			);
			runOnlyForDeploymentPostprocessing = 0;
		};
		C4190C351C5B89E800D0EA84 /* Frameworks */ = {
			isa = PBXFrameworksBuildPhase;
			buildActionMask = 2147483647;
			files = (
			);
			runOnlyForDeploymentPostprocessing = 0;
		};
		C4190C401C5B89E800D0EA84 /* Frameworks */ = {
			isa = PBXFrameworksBuildPhase;
			buildActionMask = 2147483647;
			files = (
			);
			runOnlyForDeploymentPostprocessing = 0;
		};
/* End PBXFrameworksBuildPhase section */

/* Begin PBXGroup section */
		4E8AB8EB19FA994820181BBC /* Pods */ = {
			isa = PBXGroup;
			children = (
				C99BEB776B87591F4ED4098E /* Pods.debug.xcconfig */,
				D74A9AE761DE6C4C364678BF /* Pods.release.xcconfig */,
			);
			name = Pods;
			sourceTree = "<group>";
		};
		574B0F4C6B610102EF62B69F /* Frameworks */ = {
			isa = PBXGroup;
			children = (
				C4914F6B1C623F9700C8C827 /* libstdc++.tbd */,
				C4914F691C623F8B00C8C827 /* JavaScriptCore.framework */,
				C4914F671C623F7E00C8C827 /* MessageUI.framework */,
				C4914F651C623F7500C8C827 /* libicucore.tbd */,
				C4914F631C623F6A00C8C827 /* libz.tbd */,
				3A723EB5A3E89CD9DEC7DFC4 /* Pods.framework */,
			);
			name = Frameworks;
			sourceTree = "<group>";
		};
		C407DDEB1C64564B00A20F5D /* ZMXObject */ = {
			isa = PBXGroup;
			children = (
				C407DDEC1C64564B00A20F5D /* ZMXObject.h */,
				C407DDED1C64564B00A20F5D /* ZMXObject.m */,
			);
			name = ZMXObject;
			path = SMS_SDK/ZMXObject;
			sourceTree = "<group>";
		};
		C407DDF11C64765300A20F5D /* ZMXRefreshView */ = {
			isa = PBXGroup;
			children = (
				C407DDF21C64765300A20F5D /* ZMXRefreshView.h */,
				C407DDF31C64765300A20F5D /* ZMXRefreshView.m */,
				C407DDF41C64765300A20F5D /* ZMXRefreshView.xib */,
			);
			path = ZMXRefreshView;
			sourceTree = "<group>";
		};
		C407DDFA1C64771C00A20F5D /* Tool */ = {
			isa = PBXGroup;
			children = (
				C407DDF71C64770600A20F5D /* Request.h */,
				C407DDF81C64770600A20F5D /* Request.m */,
			);
			name = Tool;
			sourceTree = "<group>";
		};
		C4190C161C5B89E700D0EA84 = {
			isa = PBXGroup;
			children = (
				C4190C211C5B89E700D0EA84 /* topdriver */,
				C4190C3B1C5B89E800D0EA84 /* topdriverTests */,
				C4190C461C5B89E800D0EA84 /* topdriverUITests */,
				C4190C201C5B89E700D0EA84 /* Products */,
				4E8AB8EB19FA994820181BBC /* Pods */,
				574B0F4C6B610102EF62B69F /* Frameworks */,
			);
			sourceTree = "<group>";
		};
		C4190C201C5B89E700D0EA84 /* Products */ = {
			isa = PBXGroup;
			children = (
				C4190C1F1C5B89E700D0EA84 /* topdriver.app */,
				C4190C381C5B89E800D0EA84 /* topdriverTests.xctest */,
				C4190C431C5B89E800D0EA84 /* topdriverUITests.xctest */,
			);
			name = Products;
			sourceTree = "<group>";
		};
		C4190C211C5B89E700D0EA84 /* topdriver */ = {
			isa = PBXGroup;
			children = (
				C4914F5A1C623F2D00C8C827 /* SMS_SDK */,
				C4190C251C5B89E700D0EA84 /* AppDelegate.h */,
				C4190C261C5B89E700D0EA84 /* AppDelegate.m */,
				C48F06A51C5CAE2000458ECB /* Common */,
				C4190C651C5B9BCE00D0EA84 /* Tools */,
				C4914F7D1C63349100C8C827 /* User */,
				C4190C5A1C5B945700D0EA84 /* Home */,
				C4190C641C5B9B4300D0EA84 /* PrefixHeader.pch */,
				C4190C2E1C5B89E700D0EA84 /* Assets.xcassets */,
				C4190C301C5B89E700D0EA84 /* LaunchScreen.storyboard */,
				C4190C331C5B89E700D0EA84 /* Info.plist */,
				C4190C221C5B89E700D0EA84 /* Supporting Files */,
			);
			path = topdriver;
			sourceTree = "<group>";
		};
		C4190C221C5B89E700D0EA84 /* Supporting Files */ = {
			isa = PBXGroup;
			children = (
				C4190C231C5B89E700D0EA84 /* main.m */,
			);
			name = "Supporting Files";
			sourceTree = "<group>";
		};
		C4190C3B1C5B89E800D0EA84 /* topdriverTests */ = {
			isa = PBXGroup;
			children = (
				C4190C3C1C5B89E800D0EA84 /* topdriverTests.m */,
				C4190C3E1C5B89E800D0EA84 /* Info.plist */,
			);
			path = topdriverTests;
			sourceTree = "<group>";
		};
		C4190C461C5B89E800D0EA84 /* topdriverUITests */ = {
			isa = PBXGroup;
			children = (
				C4190C471C5B89E800D0EA84 /* topdriverUITests.m */,
				C4190C491C5B89E800D0EA84 /* Info.plist */,
			);
			path = topdriverUITests;
			sourceTree = "<group>";
		};
		C4190C581C5B944100D0EA84 /* Model */ = {
			isa = PBXGroup;
			children = (
				C4190C551C5B91F800D0EA84 /* Message.h */,
				C4190C561C5B91F800D0EA84 /* Message.m */,
				C47E2B591C5E0E5900F7281E /* DetailIndex.h */,
				C47E2B5A1C5E0E5900F7281E /* DetailIndex.m */,
				C47E2B5C1C5E0F6100F7281E /* DetailImageIndex.h */,
				C47E2B5D1C5E0F6100F7281E /* DetailImageIndex.m */,
				C47E2B651C5E3DF500F7281E /* Comment.h */,
				C47E2B661C5E3DF500F7281E /* Comment.m */,
				C47E2B731C5F376400F7281E /* CommentFrame.h */,
				C47E2B741C5F376400F7281E /* CommentFrame.m */,
				C47E2B831C5F923A00F7281E /* Notify.h */,
				C47E2B841C5F923A00F7281E /* Notify.m */,
			);
			name = Model;
			sourceTree = "<group>";
		};
		C4190C591C5B944E00D0EA84 /* Controller */ = {
			isa = PBXGroup;
			children = (
				C4190C281C5B89E700D0EA84 /* ViewController.h */,
				C4190C291C5B89E700D0EA84 /* ViewController.m */,
				C4190C2B1C5B89E700D0EA84 /* Main.storyboard */,
				C47E2B4A1C5DCD1100F7281E /* DetailViewController.h */,
				C47E2B4B1C5DCD1100F7281E /* DetailViewController.m */,
				C47E2B4C1C5DCD1100F7281E /* DetailViewController.xib */,
				C47E2B5F1C5E2A2700F7281E /* WebViewController.h */,
				C47E2B601C5E2A2700F7281E /* WebViewController.m */,
				C47E2B791C5F8B8B00F7281E /* NotifyViewController.h */,
				C47E2B7A1C5F8B8B00F7281E /* NotifyViewController.m */,
				C47E2B7B1C5F8B8B00F7281E /* NotifyViewController.xib */,
				C486DECF1C609C4B0088320F /* SettingViewController.h */,
				C486DED01C609C4B0088320F /* SettingViewController.m */,
				C486DED11C609C4B0088320F /* SettingViewController.xib */,
			);
			name = Controller;
			sourceTree = "<group>";
		};
		C4190C5A1C5B945700D0EA84 /* Home */ = {
			isa = PBXGroup;
			children = (
				C4190C5E1C5B948200D0EA84 /* View */,
				C4190C591C5B944E00D0EA84 /* Controller */,
				C4190C581C5B944100D0EA84 /* Model */,
				C407DDFA1C64771C00A20F5D /* Tool */,
			);
			name = Home;
			sourceTree = "<group>";
		};
		C4190C5E1C5B948200D0EA84 /* View */ = {
			isa = PBXGroup;
			children = (
				C47E2B6E1C5E425100F7281E /* CommentHeader.xib */,
				C47E2B581C5DF4F400F7281E /* Message Cell */,
				C47E2B571C5DF4E600F7281E /* Progress View */,
				C47E2B6D1C5E423B00F7281E /* Comment Cell */,
				C47E2B861C5F9EF100F7281E /* Notify Cell */,
				C486DECE1C6081650088320F /* Home Bottom Button */,
				C4914F591C62262E00C8C827 /* User View */,
				C48826BB1C67575A001134C8 /* Share View */,
			);
			name = View;
			sourceTree = "<group>";
		};
		C4190C651C5B9BCE00D0EA84 /* Tools */ = {
			isa = PBXGroup;
			children = (
				C4190C661C5B9C1D00D0EA84 /* NetworkTool.h */,
				C4190C671C5B9C1D00D0EA84 /* NetworkTool.m */,
				C47E2B471C5DC98E00F7281E /* DownloadTool.h */,
				C47E2B481C5DC98E00F7281E /* DownloadTool.m */,
				C407DDE81C64523F00A20F5D /* CacheTool.h */,
				C407DDE91C64523F00A20F5D /* CacheTool.m */,
			);
			name = Tools;
			sourceTree = "<group>";
		};
		C47E2B571C5DF4E600F7281E /* Progress View */ = {
			isa = PBXGroup;
			children = (
				C47E2B4F1C5DEB9000F7281E /* ProgressContentView.h */,
				C47E2B501C5DEB9000F7281E /* ProgressContentView.m */,
				C47E2B521C5DEBCC00F7281E /* ProgressContentView.xib */,
				C47E2B541C5DF42200F7281E /* ProgressView.h */,
				C47E2B551C5DF42200F7281E /* ProgressView.m */,
			);
			name = "Progress View";
			sourceTree = "<group>";
		};
		C47E2B581C5DF4F400F7281E /* Message Cell */ = {
			isa = PBXGroup;
			children = (
				C4190C5F1C5B949500D0EA84 /* MessageCell.h */,
				C4190C601C5B949500D0EA84 /* MessageCell.m */,
				C4190C611C5B949500D0EA84 /* MessageCell.xib */,
			);
			name = "Message Cell";
			sourceTree = "<group>";
		};
		C47E2B6D1C5E423B00F7281E /* Comment Cell */ = {
			isa = PBXGroup;
			children = (
				C47E2B681C5E3F2100F7281E /* CommentCell.h */,
				C47E2B691C5E3F2100F7281E /* CommentCell.m */,
			);
			name = "Comment Cell";
			sourceTree = "<group>";
		};
		C47E2B861C5F9EF100F7281E /* Notify Cell */ = {
			isa = PBXGroup;
			children = (
				C47E2B7E1C5F8EA700F7281E /* NotifyCell.h */,
				C47E2B7F1C5F8EA700F7281E /* NotifyCell.m */,
				C47E2B801C5F8EA700F7281E /* NotifyCell.xib */,
			);
			name = "Notify Cell";
			sourceTree = "<group>";
		};
		C486DECE1C6081650088320F /* Home Bottom Button */ = {
			isa = PBXGroup;
			children = (
				C486DECB1C607C900088320F /* HomeBottomButton.h */,
				C486DECC1C607C900088320F /* HomeBottomButton.m */,
			);
			name = "Home Bottom Button";
			sourceTree = "<group>";
		};
		C48826BB1C67575A001134C8 /* Share View */ = {
			isa = PBXGroup;
			children = (
				C4BE9C1D1C673BBB0009B50E /* ShareView.h */,
				C4BE9C1E1C673BBB0009B50E /* ShareView.m */,
				C4BE9C201C673BF60009B50E /* ShareView.xib */,
				C48826B61C674469001134C8 /* ShareCell.h */,
				C48826B71C674469001134C8 /* ShareCell.m */,
				C48826B81C674469001134C8 /* ShareCell.xib */,
			);
			name = "Share View";
			sourceTree = "<group>";
		};
		C48F06A51C5CAE2000458ECB /* Common */ = {
			isa = PBXGroup;
			children = (
				C407DDF11C64765300A20F5D /* ZMXRefreshView */,
				C407DDEB1C64564B00A20F5D /* ZMXObject */,
				C48F06A21C5CA26A00458ECB /* UIImage+ZMX.h */,
				C48F06A31C5CA26A00458ECB /* UIImage+ZMX.m */,
				C486DEBC1C605CB40088320F /* UIView+ZMX.h */,
				C486DEBD1C605CB40088320F /* UIView+ZMX.m */,
				C4914F8C1C636F3900C8C827 /* ZMXButton.h */,
				C4914F8D1C636F3900C8C827 /* ZMXButton.m */,
				C47E2B621C5E2BF800F7281E /* BaseViewController.h */,
				C47E2B631C5E2BF800F7281E /* BaseViewController.m */,
			);
			name = Common;
			sourceTree = "<group>";
		};
		C4914F591C62262E00C8C827 /* User View */ = {
			isa = PBXGroup;
			children = (
				C4914F541C61F04600C8C827 /* UserView.h */,
				C4914F551C61F04600C8C827 /* UserView.m */,
				C4914F571C61F05500C8C827 /* UserView.xib */,
			);
			name = "User View";
			sourceTree = "<group>";
		};
		C4914F5A1C623F2D00C8C827 /* SMS_SDK */ = {
			isa = PBXGroup;
			children = (
				C4914F5B1C623F2D00C8C827 /* SMS_SDKLocalizable.strings */,
				C4914F5D1C623F2D00C8C827 /* MOBFoundation.framework */,
				C4914F5E1C623F2D00C8C827 /* SMS_SDK.framework */,
			);
			path = SMS_SDK;
			sourceTree = "<group>";
		};
		C4914F7C1C63348700C8C827 /* Controller */ = {
			isa = PBXGroup;
			children = (
				C4914F4C1C61DF4000C8C827 /* LoginViewController.h */,
				C4914F4D1C61DF4000C8C827 /* LoginViewController.m */,
				C4914F4E1C61DF4000C8C827 /* LoginViewController.xib */,
				C4914F6D1C62415C00C8C827 /* ForgetViewController.h */,
				C4914F6E1C62415C00C8C827 /* ForgetViewController.m */,
				C4914F6F1C62415C00C8C827 /* ForgetViewController.xib */,
				C4914F721C63071F00C8C827 /* NewPasswordViewController.h */,
				C4914F731C63071F00C8C827 /* NewPasswordViewController.m */,
				C4914F741C63071F00C8C827 /* NewPasswordViewController.xib */,
				C4914F771C63286E00C8C827 /* UserInfoViewController.h */,
				C4914F781C63286E00C8C827 /* UserInfoViewController.m */,
				C4914F791C63286E00C8C827 /* UserInfoViewController.xib */,
				C4914F7F1C63352400C8C827 /* ModifyNicknameViewController.h */,
				C4914F801C63352400C8C827 /* ModifyNicknameViewController.m */,
				C4914F811C63352400C8C827 /* ModifyNicknameViewController.xib */,
				C4914F841C633A0F00C8C827 /* ModifySexViewController.h */,
				C4914F851C633A0F00C8C827 /* ModifySexViewController.m */,
				C4914F861C633A0F00C8C827 /* ModifySexViewController.xib */,
				C4CDA0AC1C65E5C2006812F7 /* RegisterViewController.h */,
				C4CDA0AD1C65E5C2006812F7 /* RegisterViewController.m */,
				C4CDA0AE1C65E5C2006812F7 /* RegisterViewController.xib */,
			);
			name = Controller;
			sourceTree = "<group>";
		};
		C4914F7D1C63349100C8C827 /* User */ = {
			isa = PBXGroup;
			children = (
				C4914F7E1C6334B700C8C827 /* Model */,
				C4914F7C1C63348700C8C827 /* Controller */,
			);
			name = User;
			sourceTree = "<group>";
		};
		C4914F7E1C6334B700C8C827 /* Model */ = {
			isa = PBXGroup;
			children = (
				C4914F511C61E8C400C8C827 /* User.h */,
				C4914F521C61E8C400C8C827 /* User.m */,
			);
			name = Model;
			sourceTree = "<group>";
		};
/* End PBXGroup section */

/* Begin PBXNativeTarget section */
		C4190C1E1C5B89E700D0EA84 /* topdriver */ = {
			isa = PBXNativeTarget;
			buildConfigurationList = C4190C4C1C5B89E800D0EA84 /* Build configuration list for PBXNativeTarget "topdriver" */;
			buildPhases = (
				0E9E045FAAA25C3F20BBCF87 /* Check Pods Manifest.lock */,
				C4190C1B1C5B89E700D0EA84 /* Sources */,
				C4190C1C1C5B89E700D0EA84 /* Frameworks */,
				C4190C1D1C5B89E700D0EA84 /* Resources */,
				6AA64AC27B73AB73061334FC /* Embed Pods Frameworks */,
				A39102C4B8F0FC0136EE6011 /* Copy Pods Resources */,
			);
			buildRules = (
			);
			dependencies = (
			);
			name = topdriver;
			productName = topdriver;
			productReference = C4190C1F1C5B89E700D0EA84 /* topdriver.app */;
			productType = "com.apple.product-type.application";
		};
		C4190C371C5B89E800D0EA84 /* topdriverTests */ = {
			isa = PBXNativeTarget;
			buildConfigurationList = C4190C4F1C5B89E800D0EA84 /* Build configuration list for PBXNativeTarget "topdriverTests" */;
			buildPhases = (
				C4190C341C5B89E800D0EA84 /* Sources */,
				C4190C351C5B89E800D0EA84 /* Frameworks */,
				C4190C361C5B89E800D0EA84 /* Resources */,
			);
			buildRules = (
			);
			dependencies = (
				C4190C3A1C5B89E800D0EA84 /* PBXTargetDependency */,
			);
			name = topdriverTests;
			productName = topdriverTests;
			productReference = C4190C381C5B89E800D0EA84 /* topdriverTests.xctest */;
			productType = "com.apple.product-type.bundle.unit-test";
		};
		C4190C421C5B89E800D0EA84 /* topdriverUITests */ = {
			isa = PBXNativeTarget;
			buildConfigurationList = C4190C521C5B89E800D0EA84 /* Build configuration list for PBXNativeTarget "topdriverUITests" */;
			buildPhases = (
				C4190C3F1C5B89E800D0EA84 /* Sources */,
				C4190C401C5B89E800D0EA84 /* Frameworks */,
				C4190C411C5B89E800D0EA84 /* Resources */,
			);
			buildRules = (
			);
			dependencies = (
				C4190C451C5B89E800D0EA84 /* PBXTargetDependency */,
			);
			name = topdriverUITests;
			productName = topdriverUITests;
			productReference = C4190C431C5B89E800D0EA84 /* topdriverUITests.xctest */;
			productType = "com.apple.product-type.bundle.ui-testing";
		};
/* End PBXNativeTarget section */

/* Begin PBXProject section */
		C4190C171C5B89E700D0EA84 /* Project object */ = {
			isa = PBXProject;
			attributes = {
				LastUpgradeCheck = 0700;
				ORGANIZATIONNAME = zmx;
				TargetAttributes = {
					C4190C1E1C5B89E700D0EA84 = {
						CreatedOnToolsVersion = 7.0;
						DevelopmentTeam = 2A4XB7323R;
					};
					C4190C371C5B89E800D0EA84 = {
						CreatedOnToolsVersion = 7.0;
						DevelopmentTeam = 2A4XB7323R;
						TestTargetID = C4190C1E1C5B89E700D0EA84;
					};
					C4190C421C5B89E800D0EA84 = {
						CreatedOnToolsVersion = 7.0;
						DevelopmentTeam = 2A4XB7323R;
						TestTargetID = C4190C1E1C5B89E700D0EA84;
					};
				};
			};
			buildConfigurationList = C4190C1A1C5B89E700D0EA84 /* Build configuration list for PBXProject "topdriver" */;
			compatibilityVersion = "Xcode 3.2";
			developmentRegion = English;
			hasScannedForEncodings = 0;
			knownRegions = (
				en,
				Base,
				"zh-Hans",
			);
			mainGroup = C4190C161C5B89E700D0EA84;
			productRefGroup = C4190C201C5B89E700D0EA84 /* Products */;
			projectDirPath = "";
			projectRoot = "";
			targets = (
				C4190C1E1C5B89E700D0EA84 /* topdriver */,
				C4190C371C5B89E800D0EA84 /* topdriverTests */,
				C4190C421C5B89E800D0EA84 /* topdriverUITests */,
			);
		};
/* End PBXProject section */

/* Begin PBXResourcesBuildPhase section */
		C4190C1D1C5B89E700D0EA84 /* Resources */ = {
			isa = PBXResourcesBuildPhase;
			buildActionMask = 2147483647;
			files = (
				C47E2B4E1C5DCD1100F7281E /* DetailViewController.xib in Resources */,
				C486DED31C609C4B0088320F /* SettingViewController.xib in Resources */,
				C4BE9C211C673BF60009B50E /* ShareView.xib in Resources */,
				C48826BA1C674469001134C8 /* ShareCell.xib in Resources */,
				C4914F501C61DF4000C8C827 /* LoginViewController.xib in Resources */,
				C4914F711C62415C00C8C827 /* ForgetViewController.xib in Resources */,
				C407DDF61C64765300A20F5D /* ZMXRefreshView.xib in Resources */,
				C4914F581C61F05500C8C827 /* UserView.xib in Resources */,
				C4914F7B1C63286E00C8C827 /* UserInfoViewController.xib in Resources */,
				C4190C321C5B89E700D0EA84 /* LaunchScreen.storyboard in Resources */,
				C4190C2F1C5B89E700D0EA84 /* Assets.xcassets in Resources */,
				C47E2B531C5DEBCC00F7281E /* ProgressContentView.xib in Resources */,
				C4914F831C63352400C8C827 /* ModifyNicknameViewController.xib in Resources */,
				C4CDA0B01C65E5C2006812F7 /* RegisterViewController.xib in Resources */,
				C4914F601C623F2D00C8C827 /* SMS_SDKLocalizable.strings in Resources */,
				C4914F881C633A0F00C8C827 /* ModifySexViewController.xib in Resources */,
				C4190C631C5B949500D0EA84 /* MessageCell.xib in Resources */,
				C47E2B821C5F8EA700F7281E /* NotifyCell.xib in Resources */,
				C4190C2D1C5B89E700D0EA84 /* Main.storyboard in Resources */,
				C47E2B7D1C5F8B8B00F7281E /* NotifyViewController.xib in Resources */,
				C47E2B6F1C5E425100F7281E /* CommentHeader.xib in Resources */,
				C4914F761C63071F00C8C827 /* NewPasswordViewController.xib in Resources */,
			);
			runOnlyForDeploymentPostprocessing = 0;
		};
		C4190C361C5B89E800D0EA84 /* Resources */ = {
			isa = PBXResourcesBuildPhase;
			buildActionMask = 2147483647;
			files = (
			);
			runOnlyForDeploymentPostprocessing = 0;
		};
		C4190C411C5B89E800D0EA84 /* Resources */ = {
			isa = PBXResourcesBuildPhase;
			buildActionMask = 2147483647;
			files = (
			);
			runOnlyForDeploymentPostprocessing = 0;
		};
/* End PBXResourcesBuildPhase section */

/* Begin PBXShellScriptBuildPhase section */
		0E9E045FAAA25C3F20BBCF87 /* Check Pods Manifest.lock */ = {
			isa = PBXShellScriptBuildPhase;
			buildActionMask = 2147483647;
			files = (
			);
			inputPaths = (
			);
			name = "Check Pods Manifest.lock";
			outputPaths = (
			);
			runOnlyForDeploymentPostprocessing = 0;
			shellPath = /bin/sh;
			shellScript = "diff \"${PODS_ROOT}/../Podfile.lock\" \"${PODS_ROOT}/Manifest.lock\" > /dev/null\nif [[ $? != 0 ]] ; then\n    cat << EOM\nerror: The sandbox is not in sync with the Podfile.lock. Run 'pod install' or update your CocoaPods installation.\nEOM\n    exit 1\nfi\n";
			showEnvVarsInLog = 0;
		};
		6AA64AC27B73AB73061334FC /* Embed Pods Frameworks */ = {
			isa = PBXShellScriptBuildPhase;
			buildActionMask = 2147483647;
			files = (
			);
			inputPaths = (
			);
			name = "Embed Pods Frameworks";
			outputPaths = (
			);
			runOnlyForDeploymentPostprocessing = 0;
			shellPath = /bin/sh;
			shellScript = "\"${SRCROOT}/Pods/Target Support Files/Pods/Pods-frameworks.sh\"\n";
			showEnvVarsInLog = 0;
		};
		A39102C4B8F0FC0136EE6011 /* Copy Pods Resources */ = {
			isa = PBXShellScriptBuildPhase;
			buildActionMask = 2147483647;
			files = (
			);
			inputPaths = (
			);
			name = "Copy Pods Resources";
			outputPaths = (
			);
			runOnlyForDeploymentPostprocessing = 0;
			shellPath = /bin/sh;
			shellScript = "\"${SRCROOT}/Pods/Target Support Files/Pods/Pods-resources.sh\"\n";
			showEnvVarsInLog = 0;
		};
/* End PBXShellScriptBuildPhase section */

/* Begin PBXSourcesBuildPhase section */
		C4190C1B1C5B89E700D0EA84 /* Sources */ = {
			isa = PBXSourcesBuildPhase;
			buildActionMask = 2147483647;
			files = (
				C4914F821C63352400C8C827 /* ModifyNicknameViewController.m in Sources */,
				C4914F531C61E8C400C8C827 /* User.m in Sources */,
				C4914F561C61F04600C8C827 /* UserView.m in Sources */,
				C4190C2A1C5B89E700D0EA84 /* ViewController.m in Sources */,
				C47E2B641C5E2BF800F7281E /* BaseViewController.m in Sources */,
				C47E2B511C5DEB9000F7281E /* ProgressContentView.m in Sources */,
				C407DDEE1C64564B00A20F5D /* ZMXObject.m in Sources */,
				C4BE9C1F1C673BBB0009B50E /* ShareView.m in Sources */,
				C4914F7A1C63286E00C8C827 /* UserInfoViewController.m in Sources */,
				C48F06A41C5CA26A00458ECB /* UIImage+ZMX.m in Sources */,
				C407DDF91C64770600A20F5D /* Request.m in Sources */,
				C4914F4F1C61DF4000C8C827 /* LoginViewController.m in Sources */,
				C4190C271C5B89E700D0EA84 /* AppDelegate.m in Sources */,
				C407DDEA1C64523F00A20F5D /* CacheTool.m in Sources */,
				C407DDF51C64765300A20F5D /* ZMXRefreshView.m in Sources */,
				C47E2B811C5F8EA700F7281E /* NotifyCell.m in Sources */,
				C4914F871C633A0F00C8C827 /* ModifySexViewController.m in Sources */,
				C48826B91C674469001134C8 /* ShareCell.m in Sources */,
				C47E2B611C5E2A2700F7281E /* WebViewController.m in Sources */,
				C4914F8E1C636F3900C8C827 /* ZMXButton.m in Sources */,
				C47E2B7C1C5F8B8B00F7281E /* NotifyViewController.m in Sources */,
				C4190C681C5B9C1D00D0EA84 /* NetworkTool.m in Sources */,
				C47E2B671C5E3DF500F7281E /* Comment.m in Sources */,
				C486DECD1C607C900088320F /* HomeBottomButton.m in Sources */,
				C4190C571C5B91F800D0EA84 /* Message.m in Sources */,
				C4190C621C5B949500D0EA84 /* MessageCell.m in Sources */,
				C4190C241C5B89E700D0EA84 /* main.m in Sources */,
				C47E2B491C5DC98E00F7281E /* DownloadTool.m in Sources */,
				C47E2B561C5DF42200F7281E /* ProgressView.m in Sources */,
				C4CDA0AF1C65E5C2006812F7 /* RegisterViewController.m in Sources */,
				C4914F701C62415C00C8C827 /* ForgetViewController.m in Sources */,
				C47E2B4D1C5DCD1100F7281E /* DetailViewController.m in Sources */,
				C47E2B5E1C5E0F6100F7281E /* DetailImageIndex.m in Sources */,
				C4914F751C63071F00C8C827 /* NewPasswordViewController.m in Sources */,
				C47E2B6B1C5E3F2100F7281E /* CommentCell.m in Sources */,
				C47E2B5B1C5E0E5900F7281E /* DetailIndex.m in Sources */,
				C47E2B851C5F923A00F7281E /* Notify.m in Sources */,
				C47E2B751C5F376400F7281E /* CommentFrame.m in Sources */,
				C486DEBE1C605CB40088320F /* UIView+ZMX.m in Sources */,
				C486DED21C609C4B0088320F /* SettingViewController.m in Sources */,
			);
			runOnlyForDeploymentPostprocessing = 0;
		};
		C4190C341C5B89E800D0EA84 /* Sources */ = {
			isa = PBXSourcesBuildPhase;
			buildActionMask = 2147483647;
			files = (
				C4190C3D1C5B89E800D0EA84 /* topdriverTests.m in Sources */,
			);
			runOnlyForDeploymentPostprocessing = 0;
		};
		C4190C3F1C5B89E800D0EA84 /* Sources */ = {
			isa = PBXSourcesBuildPhase;
			buildActionMask = 2147483647;
			files = (
				C4190C481C5B89E800D0EA84 /* topdriverUITests.m in Sources */,
			);
			runOnlyForDeploymentPostprocessing = 0;
		};
/* End PBXSourcesBuildPhase section */

/* Begin PBXTargetDependency section */
		C4190C3A1C5B89E800D0EA84 /* PBXTargetDependency */ = {
			isa = PBXTargetDependency;
			target = C4190C1E1C5B89E700D0EA84 /* topdriver */;
			targetProxy = C4190C391C5B89E800D0EA84 /* PBXContainerItemProxy */;
		};
		C4190C451C5B89E800D0EA84 /* PBXTargetDependency */ = {
			isa = PBXTargetDependency;
			target = C4190C1E1C5B89E700D0EA84 /* topdriver */;
			targetProxy = C4190C441C5B89E800D0EA84 /* PBXContainerItemProxy */;
		};
/* End PBXTargetDependency section */

/* Begin PBXVariantGroup section */
		C4190C2B1C5B89E700D0EA84 /* Main.storyboard */ = {
			isa = PBXVariantGroup;
			children = (
				C4190C2C1C5B89E700D0EA84 /* Base */,
			);
			name = Main.storyboard;
			sourceTree = "<group>";
		};
		C4190C301C5B89E700D0EA84 /* LaunchScreen.storyboard */ = {
			isa = PBXVariantGroup;
			children = (
				C4190C311C5B89E700D0EA84 /* Base */,
			);
			name = LaunchScreen.storyboard;
			sourceTree = "<group>";
		};
		C4914F5B1C623F2D00C8C827 /* SMS_SDKLocalizable.strings */ = {
			isa = PBXVariantGroup;
			children = (
				C4914F5C1C623F2D00C8C827 /* en */,
				C4914F5F1C623F2D00C8C827 /* zh-Hans */,
			);
			name = SMS_SDKLocalizable.strings;
			sourceTree = "<group>";
		};
/* End PBXVariantGroup section */

/* Begin XCBuildConfiguration section */
		C4190C4A1C5B89E800D0EA84 /* Debug */ = {
			isa = XCBuildConfiguration;
			buildSettings = {
				ALWAYS_SEARCH_USER_PATHS = NO;
				CLANG_CXX_LANGUAGE_STANDARD = "gnu++0x";
				CLANG_CXX_LIBRARY = "libc++";
				CLANG_ENABLE_MODULES = YES;
				CLANG_ENABLE_OBJC_ARC = YES;
				CLANG_WARN_BOOL_CONVERSION = YES;
				CLANG_WARN_CONSTANT_CONVERSION = YES;
				CLANG_WARN_DIRECT_OBJC_ISA_USAGE = YES_ERROR;
				CLANG_WARN_EMPTY_BODY = YES;
				CLANG_WARN_ENUM_CONVERSION = YES;
				CLANG_WARN_INT_CONVERSION = YES;
				CLANG_WARN_OBJC_ROOT_CLASS = YES_ERROR;
				CLANG_WARN_UNREACHABLE_CODE = YES;
				CLANG_WARN__DUPLICATE_METHOD_MATCH = YES;
				"CODE_SIGN_IDENTITY[sdk=iphoneos*]" = "iPhone Developer";
				COPY_PHASE_STRIP = NO;
				DEBUG_INFORMATION_FORMAT = dwarf;
				ENABLE_STRICT_OBJC_MSGSEND = YES;
				ENABLE_TESTABILITY = YES;
				GCC_C_LANGUAGE_STANDARD = gnu99;
				GCC_DYNAMIC_NO_PIC = NO;
				GCC_NO_COMMON_BLOCKS = YES;
				GCC_OPTIMIZATION_LEVEL = 0;
				GCC_PREPROCESSOR_DEFINITIONS = (
					"DEBUG=1",
					"$(inherited)",
				);
				GCC_WARN_64_TO_32_BIT_CONVERSION = YES;
				GCC_WARN_ABOUT_RETURN_TYPE = YES_ERROR;
				GCC_WARN_UNDECLARED_SELECTOR = YES;
				GCC_WARN_UNINITIALIZED_AUTOS = YES_AGGRESSIVE;
				GCC_WARN_UNUSED_FUNCTION = YES;
				GCC_WARN_UNUSED_VARIABLE = YES;
				IPHONEOS_DEPLOYMENT_TARGET = 9.0;
				MTL_ENABLE_DEBUG_INFO = YES;
				ONLY_ACTIVE_ARCH = YES;
				SDKROOT = iphoneos;
				TARGETED_DEVICE_FAMILY = "1,2";
			};
			name = Debug;
		};
		C4190C4B1C5B89E800D0EA84 /* Release */ = {
			isa = XCBuildConfiguration;
			buildSettings = {
				ALWAYS_SEARCH_USER_PATHS = NO;
				CLANG_CXX_LANGUAGE_STANDARD = "gnu++0x";
				CLANG_CXX_LIBRARY = "libc++";
				CLANG_ENABLE_MODULES = YES;
				CLANG_ENABLE_OBJC_ARC = YES;
				CLANG_WARN_BOOL_CONVERSION = YES;
				CLANG_WARN_CONSTANT_CONVERSION = YES;
				CLANG_WARN_DIRECT_OBJC_ISA_USAGE = YES_ERROR;
				CLANG_WARN_EMPTY_BODY = YES;
				CLANG_WARN_ENUM_CONVERSION = YES;
				CLANG_WARN_INT_CONVERSION = YES;
				CLANG_WARN_OBJC_ROOT_CLASS = YES_ERROR;
				CLANG_WARN_UNREACHABLE_CODE = YES;
				CLANG_WARN__DUPLICATE_METHOD_MATCH = YES;
				"CODE_SIGN_IDENTITY[sdk=iphoneos*]" = "iPhone Developer";
				COPY_PHASE_STRIP = NO;
				DEBUG_INFORMATION_FORMAT = "dwarf-with-dsym";
				ENABLE_NS_ASSERTIONS = NO;
				ENABLE_STRICT_OBJC_MSGSEND = YES;
				GCC_C_LANGUAGE_STANDARD = gnu99;
				GCC_NO_COMMON_BLOCKS = YES;
				GCC_WARN_64_TO_32_BIT_CONVERSION = YES;
				GCC_WARN_ABOUT_RETURN_TYPE = YES_ERROR;
				GCC_WARN_UNDECLARED_SELECTOR = YES;
				GCC_WARN_UNINITIALIZED_AUTOS = YES_AGGRESSIVE;
				GCC_WARN_UNUSED_FUNCTION = YES;
				GCC_WARN_UNUSED_VARIABLE = YES;
				IPHONEOS_DEPLOYMENT_TARGET = 9.0;
				MTL_ENABLE_DEBUG_INFO = NO;
				SDKROOT = iphoneos;
				TARGETED_DEVICE_FAMILY = "1,2";
				VALIDATE_PRODUCT = YES;
			};
			name = Release;
		};
		C4190C4D1C5B89E800D0EA84 /* Debug */ = {
			isa = XCBuildConfiguration;
			baseConfigurationReference = C99BEB776B87591F4ED4098E /* Pods.debug.xcconfig */;
			buildSettings = {
				ASSETCATALOG_COMPILER_APPICON_NAME = AppIcon;
				ASSETCATALOG_COMPILER_LAUNCHIMAGE_NAME = BrandAsset;
				FRAMEWORK_SEARCH_PATHS = (
					"$(inherited)",
					"$(PROJECT_DIR)/topdriver/SMS_SDK",
				);
				GCC_PRECOMPILE_PREFIX_HEADER = YES;
				GCC_PREFIX_HEADER = "$(SRCROOT)/topdriver/PrefixHeader.pch";
				INFOPLIST_FILE = topdriver/Info.plist;
				IPHONEOS_DEPLOYMENT_TARGET = 9.2;
				LD_RUNPATH_SEARCH_PATHS = "$(inherited) @executable_path/Frameworks";
				PRODUCT_BUNDLE_IDENTIFIER = zmx.topdriver;
				PRODUCT_NAME = "$(TARGET_NAME)";
			};
			name = Debug;
		};
		C4190C4E1C5B89E800D0EA84 /* Release */ = {
			isa = XCBuildConfiguration;
			baseConfigurationReference = D74A9AE761DE6C4C364678BF /* Pods.release.xcconfig */;
			buildSettings = {
				ASSETCATALOG_COMPILER_APPICON_NAME = AppIcon;
				ASSETCATALOG_COMPILER_LAUNCHIMAGE_NAME = BrandAsset;
				FRAMEWORK_SEARCH_PATHS = (
					"$(inherited)",
					"$(PROJECT_DIR)/topdriver/SMS_SDK",
				);
				GCC_PRECOMPILE_PREFIX_HEADER = YES;
				GCC_PREFIX_HEADER = "$(SRCROOT)/topdriver/PrefixHeader.pch";
				INFOPLIST_FILE = topdriver/Info.plist;
				IPHONEOS_DEPLOYMENT_TARGET = 9.2;
				LD_RUNPATH_SEARCH_PATHS = "$(inherited) @executable_path/Frameworks";
				PRODUCT_BUNDLE_IDENTIFIER = zmx.topdriver;
				PRODUCT_NAME = "$(TARGET_NAME)";
			};
			name = Release;
		};
		C4190C501C5B89E800D0EA84 /* Debug */ = {
			isa = XCBuildConfiguration;
			buildSettings = {
				BUNDLE_LOADER = "$(TEST_HOST)";
				INFOPLIST_FILE = topdriverTests/Info.plist;
				LD_RUNPATH_SEARCH_PATHS = "$(inherited) @executable_path/Frameworks @loader_path/Frameworks";
				PRODUCT_BUNDLE_IDENTIFIER = zmx.topdriverTests;
				PRODUCT_NAME = "$(TARGET_NAME)";
				TEST_HOST = "$(BUILT_PRODUCTS_DIR)/topdriver.app/topdriver";
			};
			name = Debug;
		};
		C4190C511C5B89E800D0EA84 /* Release */ = {
			isa = XCBuildConfiguration;
			buildSettings = {
				BUNDLE_LOADER = "$(TEST_HOST)";
				INFOPLIST_FILE = topdriverTests/Info.plist;
				LD_RUNPATH_SEARCH_PATHS = "$(inherited) @executable_path/Frameworks @loader_path/Frameworks";
				PRODUCT_BUNDLE_IDENTIFIER = zmx.topdriverTests;
				PRODUCT_NAME = "$(TARGET_NAME)";
				TEST_HOST = "$(BUILT_PRODUCTS_DIR)/topdriver.app/topdriver";
			};
			name = Release;
		};
		C4190C531C5B89E800D0EA84 /* Debug */ = {
			isa = XCBuildConfiguration;
			buildSettings = {
				INFOPLIST_FILE = topdriverUITests/Info.plist;
				LD_RUNPATH_SEARCH_PATHS = "$(inherited) @executable_path/Frameworks @loader_path/Frameworks";
				PRODUCT_BUNDLE_IDENTIFIER = zmx.topdriverUITests;
				PRODUCT_NAME = "$(TARGET_NAME)";
				TEST_TARGET_NAME = topdriver;
				USES_XCTRUNNER = YES;
			};
			name = Debug;
		};
		C4190C541C5B89E800D0EA84 /* Release */ = {
			isa = XCBuildConfiguration;
			buildSettings = {
				INFOPLIST_FILE = topdriverUITests/Info.plist;
				LD_RUNPATH_SEARCH_PATHS = "$(inherited) @executable_path/Frameworks @loader_path/Frameworks";
				PRODUCT_BUNDLE_IDENTIFIER = zmx.topdriverUITests;
				PRODUCT_NAME = "$(TARGET_NAME)";
				TEST_TARGET_NAME = topdriver;
				USES_XCTRUNNER = YES;
			};
			name = Release;
		};
/* End XCBuildConfiguration section */

/* Begin XCConfigurationList section */
		C4190C1A1C5B89E700D0EA84 /* Build configuration list for PBXProject "topdriver" */ = {
			isa = XCConfigurationList;
			buildConfigurations = (
				C4190C4A1C5B89E800D0EA84 /* Debug */,
				C4190C4B1C5B89E800D0EA84 /* Release */,
			);
			defaultConfigurationIsVisible = 0;
			defaultConfigurationName = Release;
		};
		C4190C4C1C5B89E800D0EA84 /* Build configuration list for PBXNativeTarget "topdriver" */ = {
			isa = XCConfigurationList;
			buildConfigurations = (
				C4190C4D1C5B89E800D0EA84 /* Debug */,
				C4190C4E1C5B89E800D0EA84 /* Release */,
			);
			defaultConfigurationIsVisible = 0;
			defaultConfigurationName = Release;
		};
		C4190C4F1C5B89E800D0EA84 /* Build configuration list for PBXNativeTarget "topdriverTests" */ = {
			isa = XCConfigurationList;
			buildConfigurations = (
				C4190C501C5B89E800D0EA84 /* Debug */,
				C4190C511C5B89E800D0EA84 /* Release */,
			);
			defaultConfigurationIsVisible = 0;
			defaultConfigurationName = Release;
		};
		C4190C521C5B89E800D0EA84 /* Build configuration list for PBXNativeTarget "topdriverUITests" */ = {
			isa = XCConfigurationList;
			buildConfigurations = (
				C4190C531C5B89E800D0EA84 /* Debug */,
				C4190C541C5B89E800D0EA84 /* Release */,
			);
			defaultConfigurationIsVisible = 0;
			defaultConfigurationName = Release;
		};
/* End XCConfigurationList section */
	};
	rootObject = C4190C171C5B89E700D0EA84 /* Project object */;
}
